
Microsoft Visual Studio Solution File, Format Version 12.00
# Visual Studio Version 16
VisualStudioVersion = 16.0.32407.337
MinimumVisualStudioVersion = 10.0.40219.1
Project("{8BC9CEB8-8B4A-11D0-8D11-00A0C91BC942}") = "2.2oop", "2.2oop\2.2oop.vcxproj", "{9BEF6DED-4CDD-4BF7-951E-C9A9296C921E}"
EndProject
Project("{8BC9CEB8-8B4A-11D0-8D11-00A0C91BC942}") = "UnitTest1", "UnitTest1\UnitTest1.vcxproj", "{07CDCDC8-A813-4678-9360-961F724DEAB2}"
EndProject
Global
	GlobalSection(SolutionConfigurationPlatforms) = preSolution
		Debug|x64 = Debug|x64
		Debug|x86 = Debug|x86
		Release|x64 = Release|x64
		Release|x86 = Release|x86
	EndGlobalSection
	GlobalSection(ProjectConfigurationPlatforms) = postSolution
		{9BEF6DED-4CDD-4BF7-951E-C9A9296C921E}.Debug|x64.ActiveCfg = Debug|x64
		{9BEF6DED-4CDD-4BF7-951E-C9A9296C921E}.Debug|x64.Build.0 = Debug|x64
		{9BEF6DED-4CDD-4BF7-951E-C9A9296C921E}.Debug|x86.ActiveCfg = Debug|Win32
		{9BEF6DED-4CDD-4BF7-951E-C9A9296C921E}.Debug|x86.Build.0 = Debug|Win32
		{9BEF6DED-4CDD-4BF7-951E-C9A9296C921E}.Release|x64.ActiveCfg = Release|x64
		{9BEF6DED-4CDD-4BF7-951E-C9A9296C921E}.Release|x64.Build.0 = Release|x64
		{9BEF6DED-4CDD-4BF7-951E-C9A9296C921E}.Release|x86.ActiveCfg = Release|Win32
		{9BEF6DED-4CDD-4BF7-951E-C9A9296C921E}.Release|x86.Build.0 = Release|Win32
		{07CDCDC8-A813-4678-9360-961F724DEAB2}.Debug|x64.ActiveCfg = Debug|x64
		{07CDCDC8-A813-4678-9360-961F724DEAB2}.Debug|x64.Build.0 = Debug|x64
		{07CDCDC8-A813-4678-9360-961F724DEAB2}.Debug|x86.ActiveCfg = Debug|Win32
		{07CDCDC8-A813-4678-9360-961F724DEAB2}.Debug|x86.Build.0 = Debug|Win32
		{07CDCDC8-A813-4678-9360-961F724DEAB2}.Release|x64.ActiveCfg = Release|x64
		{07CDCDC8-A813-4678-9360-961F724DEAB2}.Release|x64.Build.0 = Release|x64
		{07CDCDC8-A813-4678-9360-961F724DEAB2}.Release|x86.ActiveCfg = Release|Win32
		{07CDCDC8-A813-4678-9360-961F724DEAB2}.Release|x86.Build.0 = Release|Win32
	EndGlobalSection
	GlobalSection(SolutionProperties) = preSolution
		HideSolutionNode = FALSE
	EndGlobalSection
	GlobalSection(ExtensibilityGlobals) = postSolution
		SolutionGuid = {86E84F9D-767B-4588-8474-0548587785D5}
	EndGlobalSection
EndGlobal
